
Microsoft Visual Studio Solution File, Format Version 12.00
# Visual Studio 2017
Project("{FAE04EC0-301F-11D3-BF4B-00C04F79EFBC}") = "RPG-PlayerController", "RPG-PlayerController.csproj", "{28969DA3-0D67-8C89-913D-757AB67C93E9}"
EndProject
Project("{FAE04EC0-301F-11D3-BF4B-00C04F79EFBC}") = "RPG-PlayerController.Editor", "RPG-PlayerController.Editor.csproj", "{699B4CE4-769B-4A0A-679B-916E2995CF15}"
EndProject
Global
	GlobalSection(SolutionConfigurationPlatforms) = preSolution
		Debug|Any CPU = Debug|Any CPU
		Release|Any CPU = Release|Any CPU
	EndGlobalSection
	GlobalSection(ProjectConfigurationPlatforms) = postSolution
		{28969DA3-0D67-8C89-913D-757AB67C93E9}.Debug|Any CPU.ActiveCfg = Debug|Any CPU
		{28969DA3-0D67-8C89-913D-757AB67C93E9}.Debug|Any CPU.Build.0 = Debug|Any CPU
		{28969DA3-0D67-8C89-913D-757AB67C93E9}.Release|Any CPU.ActiveCfg = Release|Any CPU
		{28969DA3-0D67-8C89-913D-757AB67C93E9}.Release|Any CPU.Build.0 = Release|Any CPU
		{699B4CE4-769B-4A0A-679B-916E2995CF15}.Debug|Any CPU.ActiveCfg = Debug|Any CPU
		{699B4CE4-769B-4A0A-679B-916E2995CF15}.Debug|Any CPU.Build.0 = Debug|Any CPU
		{699B4CE4-769B-4A0A-679B-916E2995CF15}.Release|Any CPU.ActiveCfg = Release|Any CPU
		{699B4CE4-769B-4A0A-679B-916E2995CF15}.Release|Any CPU.Build.0 = Release|Any CPU
	EndGlobalSection
	GlobalSection(SolutionProperties) = preSolution
		HideSolutionNode = FALSE
	EndGlobalSection
EndGlobal
